<?xml version="1.0" encoding="utf-8"?>
<Project ToolsVersion="4.0" xmlns="http://schemas.microsoft.com/developer/msbuild/2003">
  <ItemGroup>
    <Filter Include="Resources">
      <UniqueIdentifier>{02dea984-2d6c-41c1-b9b6-fe59b4cd57fc}</UniqueIdentifier>
    </Filter>
    <Filter Include="Includes">
      <UniqueIdentifier>{b6f152c7-a1a3-49ac-8fb3-af82ff2943e2}</UniqueIdentifier>
    </Filter>
    <Filter Include="Sources">
      <UniqueIdentifier>{c2affdba-337a-495e-a1fa-8008c1c0a8f8}</UniqueIdentifier>
    </Filter>
    <Filter Include="Shaders">
      <UniqueIdentifier>{939a5caf-e4a4-4b2c-ab37-c0e3adb7ec2a}</UniqueIdentifier>
    </Filter>
    <Filter Include="Docs">
      <UniqueIdentifier>{12ea72b9-40c8-4868-949c-05069a128764}</UniqueIdentifier>
    </Filter>
  </ItemGroup>
  <ItemGroup>
    <ClInclude Include="Includes\D3DUtils.h">
      <Filter>Includes</Filter>
    </ClInclude>
    <ClInclude Include="Includes\FBXImporter.h">
      <Filter>Includes</Filter>
    </ClInclude>
    <ClInclude Include="Includes\GameTimer.h">
      <Filter>Includes</Filter>
    </ClInclude>
    <ClInclude Include="Includes\Geometry.h">
      <Filter>Includes</Filter>
    </ClInclude>
    <ClInclude Include="Includes\InitDirect3D.h">
      <Filter>Includes</Filter>
    </ClInclude>
    <ClInclude Include="Includes\Log.h">
      <Filter>Includes</Filter>
    </ClInclude>
    <ClInclude Include="Includes\Shader.h">
      <Filter>Includes</Filter>
    </ClInclude>
    <ClInclude Include="Includes\SharedParameters.h">
      <Filter>Includes</Filter>
    </ClInclude>
    <ClInclude Include="Includes\stdafx.h">
      <Filter>Includes</Filter>
    </ClInclude>
    <ClInclude Include="Sources\D3DApp.h">
      <Filter>Sources</Filter>
    </ClInclude>
    <ClInclude Include="Resource.h">
      <Filter>Resources</Filter>
    </ClInclude>
    <ClInclude Include="targetver.h">
      <Filter>Resources</Filter>
    </ClInclude>
    <ClInclude Include="IRenderable.h" />
  </ItemGroup>
  <ItemGroup>
    <ClCompile Include="Sources\D3DApp.cpp">
      <Filter>Sources</Filter>
    </ClCompile>
    <ClCompile Include="Sources\D3DUtils.cpp">
      <Filter>Sources</Filter>
    </ClCompile>
    <ClCompile Include="Sources\FBXImporter.cpp">
      <Filter>Sources</Filter>
    </ClCompile>
    <ClCompile Include="Sources\GameTimer.cpp">
      <Filter>Sources</Filter>
    </ClCompile>
    <ClCompile Include="Sources\Geometry.cpp">
      <Filter>Sources</Filter>
    </ClCompile>
    <ClCompile Include="Sources\InitDirect3D.cpp">
      <Filter>Sources</Filter>
    </ClCompile>
    <ClCompile Include="Sources\Log.cpp">
      <Filter>Sources</Filter>
    </ClCompile>
    <ClCompile Include="Sources\Shader.cpp">
      <Filter>Sources</Filter>
    </ClCompile>
    <ClCompile Include="Sources\SharedParameters.cpp">
      <Filter>Sources</Filter>
    </ClCompile>
    <ClCompile Include="Sources\stdafx.cpp">
      <Filter>Sources</Filter>
    </ClCompile>
    <ClCompile Include="IRenderable.cpp" />
  </ItemGroup>
  <ItemGroup>
    <FxCompile Include="Shaders\PixelShader.hlsl">
      <Filter>Shaders</Filter>
    </FxCompile>
    <FxCompile Include="Shaders\VertexShader.hlsl">
      <Filter>Shaders</Filter>
    </FxCompile>
  </ItemGroup>
  <ItemGroup>
    <None Include="Docs\Develop Notes.docx">
      <Filter>Docs</Filter>
    </None>
  </ItemGroup>
  <ItemGroup>
    <Image Include="InitDirect3D.ico">
      <Filter>Resources</Filter>
    </Image>
    <Image Include="small.ico">
      <Filter>Resources</Filter>
    </Image>
  </ItemGroup>
  <ItemGroup>
    <ResourceCompile Include="InitDirect3D.rc">
      <Filter>Resources</Filter>
    </ResourceCompile>
  </ItemGroup>
</Project>