<?xml version="1.0" encoding="utf-8"?>
<Project ToolsVersion="4.0" xmlns="http://schemas.microsoft.com/developer/msbuild/2003">
  <ItemGroup>
    <Filter Include="Header Files">
      <UniqueIdentifier>{93995380-89BD-4b04-88EB-625FBE52EBFB}</UniqueIdentifier>
      <Extensions>h</Extensions>
    </Filter>
    <Filter Include="Form Files">
      <UniqueIdentifier>{99349809-55BA-4b9d-BF79-8FDBB0286EB3}</UniqueIdentifier>
      <Extensions>ui</Extensions>
    </Filter>
    <Filter Include="Resource Files">
      <UniqueIdentifier>{D9D6E242-F8AF-46E4-B9FD-80ECBC20BA3E}</UniqueIdentifier>
      <Extensions>qrc;*</Extensions>
      <ParseFiles>false</ParseFiles>
    </Filter>
    <Filter Include="Generated Files">
      <UniqueIdentifier>{71ED8ED8-ACB9-4CE9-BBE1-E00B30144E11}</UniqueIdentifier>
      <Extensions>moc;h;cpp</Extensions>
      <SourceControlFiles>False</SourceControlFiles>
    </Filter>
    <Filter Include="Generated Files\Debug">
      <UniqueIdentifier>{fed92764-3dbb-4978-8f4f-74a7e18a41e1}</UniqueIdentifier>
      <Extensions>cpp;moc</Extensions>
      <SourceControlFiles>False</SourceControlFiles>
    </Filter>
    <Filter Include="Generated Files\Release">
      <UniqueIdentifier>{99daca9b-1f08-46af-a0d4-6bb7ca667310}</UniqueIdentifier>
      <Extensions>cpp;moc</Extensions>
      <SourceControlFiles>False</SourceControlFiles>
    </Filter>
    <Filter Include="Docs">
      <UniqueIdentifier>{4959a640-3150-4f45-83a4-5e58311c0b42}</UniqueIdentifier>
    </Filter>
    <Filter Include="Shaders">
      <UniqueIdentifier>{9615e011-a542-48bc-aab0-7137fc24088b}</UniqueIdentifier>
    </Filter>
    <Filter Include="Source Files">
      <UniqueIdentifier>{4FC737F1-C7A5-4376-A066-2A32D752A2FF}</UniqueIdentifier>
      <Extensions>cpp;cxx;c;def</Extensions>
    </Filter>
  </ItemGroup>
  <ItemGroup>
    <ClCompile Include="stdafx.cpp">
      <Filter>Source Files</Filter>
    </ClCompile>
    <ClCompile Include="main.cpp">
      <Filter>Source Files</Filter>
    </ClCompile>
    <ClCompile Include="editor.cpp">
      <Filter>Source Files</Filter>
    </ClCompile>
    <ClCompile Include="GeneratedFiles\Debug\moc_editor.cpp">
      <Filter>Generated Files\Debug</Filter>
    </ClCompile>
    <ClCompile Include="GeneratedFiles\Release\moc_editor.cpp">
      <Filter>Generated Files\Release</Filter>
    </ClCompile>
    <ClCompile Include="GeneratedFiles\qrc_editor.cpp">
      <Filter>Generated Files</Filter>
    </ClCompile>
    <ClCompile Include="d3drenderingwidget.cpp">
      <Filter>Source Files</Filter>
    </ClCompile>
    <ClCompile Include="GeneratedFiles\Debug\moc_d3drenderingwidget.cpp">
      <Filter>Generated Files\Debug</Filter>
    </ClCompile>
    <ClCompile Include="GeneratedFiles\Release\moc_d3drenderingwidget.cpp">
      <Filter>Generated Files\Release</Filter>
    </ClCompile>
    <ClCompile Include="..\InitDirect3D\Sources\Camera.cpp">
      <Filter>Source Files</Filter>
    </ClCompile>
    <ClCompile Include="..\InitDirect3D\Sources\D3DApp.cpp">
      <Filter>Source Files</Filter>
    </ClCompile>
    <ClCompile Include="..\InitDirect3D\Sources\D3DUtils.cpp">
      <Filter>Source Files</Filter>
    </ClCompile>
    <ClCompile Include="..\InitDirect3D\Sources\FBXImporter.cpp">
      <Filter>Source Files</Filter>
    </ClCompile>
    <ClCompile Include="..\InitDirect3D\Sources\GameTimer.cpp">
      <Filter>Source Files</Filter>
    </ClCompile>
    <ClCompile Include="..\InitDirect3D\Sources\Geometry.cpp">
      <Filter>Source Files</Filter>
    </ClCompile>
    <ClCompile Include="..\InitDirect3D\Sources\GeometryGenerator.cpp">
      <Filter>Source Files</Filter>
    </ClCompile>
    <ClCompile Include="..\InitDirect3D\Sources\IRenderable.cpp">
      <Filter>Source Files</Filter>
    </ClCompile>
    <ClCompile Include="..\InitDirect3D\Sources\Log.cpp">
      <Filter>Source Files</Filter>
    </ClCompile>
    <ClCompile Include="..\InitDirect3D\Sources\MathHelper.cpp">
      <Filter>Source Files</Filter>
    </ClCompile>
    <ClCompile Include="..\InitDirect3D\Sources\Shader.cpp">
      <Filter>Source Files</Filter>
    </ClCompile>
    <ClCompile Include="..\InitDirect3D\Sources\SharedParameters.cpp">
      <Filter>Source Files</Filter>
    </ClCompile>
    <ClCompile Include="..\InitDirect3D\Sources\Direct3DRenderer.cpp">
      <Filter>Source Files</Filter>
    </ClCompile>
    <ClCompile Include="..\InitDirect3D\Sources\DeferredBuffers.cpp">
      <Filter>Source Files</Filter>
    </ClCompile>
    <ClCompile Include="..\InitDirect3D\Sources\SharedInputLayouts.cpp">
      <Filter>Source Files</Filter>
    </ClCompile>
    <ClCompile Include="..\InitDirect3D\Sources\DeferredShader.cpp">
      <Filter>Source Files</Filter>
    </ClCompile>
    <ClCompile Include="..\InitDirect3D\Sources\ShaderUtils.cpp">
      <Filter>Source Files</Filter>
    </ClCompile>
    <ClCompile Include="..\InitDirect3D\Sources\LightShader.cpp">
      <Filter>Source Files</Filter>
    </ClCompile>
    <ClCompile Include="..\InitDirect3D\Sources\FullScreenQuad.cpp">
      <Filter>Source Files</Filter>
    </ClCompile>
    <ClCompile Include="..\InitDirect3D\Sources\ReflectionShader.cpp">
      <Filter>Source Files</Filter>
    </ClCompile>
    <ClCompile Include="..\InitDirect3D\Sources\RenderToTexture.cpp">
      <Filter>Source Files</Filter>
    </ClCompile>
    <ClCompile Include="..\InitDirect3D\Sources\Entity.cpp">
      <Filter>Source Files</Filter>
    </ClCompile>
    <ClCompile Include="..\InitDirect3D\Sources\Material.cpp">
      <Filter>Source Files</Filter>
    </ClCompile>
    <ClCompile Include="..\InitDirect3D\Sources\SharedD3DDevice.cpp">
      <Filter>Source Files</Filter>
    </ClCompile>
    <ClCompile Include="..\InitDirect3D\Includes\ViewPoint.cpp">
      <Filter>Source Files</Filter>
    </ClCompile>
    <ClCompile Include="..\InitDirect3D\Sources\ProjectiveTextureShader.cpp">
      <Filter>Source Files</Filter>
    </ClCompile>
    <ClCompile Include="..\InitDirect3D\Sources\BasicShader.cpp">
      <Filter>Source Files</Filter>
    </ClCompile>
    <ClCompile Include="..\InitDirect3D\Includes\DepthShader.cpp">
      <Filter>Source Files</Filter>
    </ClCompile>
    <ClCompile Include="..\InitDirect3D\Sources\ShadowMapShader.cpp">
      <Filter>Source Files</Filter>
    </ClCompile>
    <ClCompile Include="..\InitDirect3D\Includes\Light.cpp">
      <Filter>Source Files</Filter>
    </ClCompile>
  </ItemGroup>
  <ItemGroup>
    <ClInclude Include="stdafx.h">
      <Filter>Header Files</Filter>
    </ClInclude>
    <ClInclude Include="GeneratedFiles\ui_editor.h">
      <Filter>Generated Files</Filter>
    </ClInclude>
    <ClInclude Include="GeneratedFiles\ui_d3drenderingwidget.h">
      <Filter>Generated Files</Filter>
    </ClInclude>
    <ClInclude Include="..\InitDirect3D\Includes\Camera.h">
      <Filter>Header Files</Filter>
    </ClInclude>
    <ClInclude Include="..\InitDirect3D\Includes\D3DApp.h">
      <Filter>Header Files</Filter>
    </ClInclude>
    <ClInclude Include="..\InitDirect3D\Includes\D3DUtils.h">
      <Filter>Header Files</Filter>
    </ClInclude>
    <ClInclude Include="..\InitDirect3D\Includes\FBXImporter.h">
      <Filter>Header Files</Filter>
    </ClInclude>
    <ClInclude Include="..\InitDirect3D\Includes\GameTimer.h">
      <Filter>Header Files</Filter>
    </ClInclude>
    <ClInclude Include="..\InitDirect3D\Includes\Geometry.h">
      <Filter>Header Files</Filter>
    </ClInclude>
    <ClInclude Include="..\InitDirect3D\Includes\GeometryGenerator.h">
      <Filter>Header Files</Filter>
    </ClInclude>
    <ClInclude Include="..\InitDirect3D\Includes\IRenderable.h">
      <Filter>Header Files</Filter>
    </ClInclude>
    <ClInclude Include="..\InitDirect3D\Includes\Log.h">
      <Filter>Header Files</Filter>
    </ClInclude>
    <ClInclude Include="..\InitDirect3D\Includes\MathHelper.h">
      <Filter>Header Files</Filter>
    </ClInclude>
    <ClInclude Include="..\InitDirect3D\Includes\Shader.h">
      <Filter>Header Files</Filter>
    </ClInclude>
    <ClInclude Include="..\InitDirect3D\Includes\SharedParameters.h">
      <Filter>Header Files</Filter>
    </ClInclude>
    <ClInclude Include="..\InitDirect3D\Includes\stdafx.h">
      <Filter>Header Files</Filter>
    </ClInclude>
    <ClInclude Include="..\InitDirect3D\Includes\Direct3DRenderer.h">
      <Filter>Header Files</Filter>
    </ClInclude>
    <ClInclude Include="..\InitDirect3D\Includes\DeferredBuffers.h">
      <Filter>Header Files</Filter>
    </ClInclude>
    <ClInclude Include="..\InitDirect3D\Includes\SharedInputLayouts.h">
      <Filter>Header Files</Filter>
    </ClInclude>
    <ClInclude Include="..\InitDirect3D\Includes\DeferredShader.h">
      <Filter>Header Files</Filter>
    </ClInclude>
    <ClInclude Include="..\InitDirect3D\Includes\LightShader.h">
      <Filter>Header Files</Filter>
    </ClInclude>
    <ClInclude Include="..\InitDirect3D\Includes\FullScreenQuad.h">
      <Filter>Header Files</Filter>
    </ClInclude>
    <ClInclude Include="..\InitDirect3D\Includes\ShaderUntils.h">
      <Filter>Header Files</Filter>
    </ClInclude>
    <ClInclude Include="..\InitDirect3D\Includes\ReflectionShader.h">
      <Filter>Header Files</Filter>
    </ClInclude>
    <ClInclude Include="..\InitDirect3D\Includes\RenderToTexture.h">
      <Filter>Header Files</Filter>
    </ClInclude>
    <ClInclude Include="..\InitDirect3D\Includes\Entity.h">
      <Filter>Header Files</Filter>
    </ClInclude>
    <ClInclude Include="..\InitDirect3D\Includes\CommonStructures.h">
      <Filter>Header Files</Filter>
    </ClInclude>
    <ClInclude Include="..\InitDirect3D\Includes\Material.h">
      <Filter>Header Files</Filter>
    </ClInclude>
    <ClInclude Include="..\InitDirect3D\Includes\SharedD3DDevice.h">
      <Filter>Header Files</Filter>
    </ClInclude>
    <ClInclude Include="..\InitDirect3D\Includes\ViewPoint.h">
      <Filter>Header Files</Filter>
    </ClInclude>
    <ClInclude Include="..\InitDirect3D\Includes\ProjectiveTextureShader.h">
      <Filter>Header Files</Filter>
    </ClInclude>
    <ClInclude Include="..\InitDirect3D\Includes\BasicShader.h">
      <Filter>Header Files</Filter>
    </ClInclude>
    <ClInclude Include="..\InitDirect3D\Includes\DepthShader.h">
      <Filter>Header Files</Filter>
    </ClInclude>
    <ClInclude Include="..\InitDirect3D\Includes\ShadowMapShader.h">
      <Filter>Header Files</Filter>
    </ClInclude>
    <ClInclude Include="..\InitDirect3D\Includes\Light.h">
      <Filter>Header Files</Filter>
    </ClInclude>
  </ItemGroup>
  <ItemGroup>
    <CustomBuild Include="editor.h">
      <Filter>Header Files</Filter>
    </CustomBuild>
    <CustomBuild Include="editor.ui">
      <Filter>Form Files</Filter>
    </CustomBuild>
    <CustomBuild Include="editor.qrc">
      <Filter>Resource Files</Filter>
    </CustomBuild>
    <CustomBuild Include="d3drenderingwidget.h">
      <Filter>Header Files</Filter>
    </CustomBuild>
    <CustomBuild Include="d3drenderingwidget.ui">
      <Filter>Form Files</Filter>
    </CustomBuild>
  </ItemGroup>
  <ItemGroup>
    <None Include="..\InitDirect3D\Shaders\LightHelper.hlsli">
      <Filter>Shaders</Filter>
    </None>
    <None Include="..\InitDirect3D\Docs\Develop Notes.docx">
      <Filter>Docs</Filter>
    </None>
  </ItemGroup>
  <ItemGroup>
    <FxCompile Include="..\InitDirect3D\Shaders\PixelShader.hlsl">
      <Filter>Shaders</Filter>
    </FxCompile>
    <FxCompile Include="..\InitDirect3D\Shaders\VertexShader.hlsl">
      <Filter>Shaders</Filter>
    </FxCompile>
    <FxCompile Include="..\InitDirect3D\Shaders\LightShaderVS.hlsl">
      <Filter>Shaders</Filter>
    </FxCompile>
    <FxCompile Include="..\InitDirect3D\Shaders\LightShaderPS.hlsl">
      <Filter>Shaders</Filter>
    </FxCompile>
    <FxCompile Include="..\InitDirect3D\Shaders\ReflectionShaderPS.hlsl">
      <Filter>Shaders</Filter>
    </FxCompile>
    <FxCompile Include="..\InitDirect3D\Shaders\ReflectionShaderVS.hlsl">
      <Filter>Shaders</Filter>
    </FxCompile>
    <FxCompile Include="..\InitDirect3D\Shaders\ProjectiveTextureVS.hlsl">
      <Filter>Shaders</Filter>
    </FxCompile>
    <FxCompile Include="..\InitDirect3D\Shaders\ProjectiveTexturePS.hlsl">
      <Filter>Shaders</Filter>
    </FxCompile>
    <FxCompile Include="..\InitDirect3D\Shader\DepthShaderVS.hlsl">
      <Filter>Shaders</Filter>
    </FxCompile>
    <FxCompile Include="..\InitDirect3D\Shader\DepthShaderPS.hlsl">
      <Filter>Shaders</Filter>
    </FxCompile>
    <FxCompile Include="..\InitDirect3D\Shaders\DeferredShaderPS.hlsl">
      <Filter>Shaders</Filter>
    </FxCompile>
    <FxCompile Include="..\InitDirect3D\Shaders\DeferredShaderVS.hlsl">
      <Filter>Shaders</Filter>
    </FxCompile>
    <FxCompile Include="..\InitDirect3D\Shaders\ShadowMapVS.hlsl">
      <Filter>Shaders</Filter>
    </FxCompile>
    <FxCompile Include="..\InitDirect3D\Shaders\ShadowMapPS.hlsl">
      <Filter>Shaders</Filter>
    </FxCompile>
  </ItemGroup>
</Project>